
Microsoft Visual Studio Solution File, Format Version 12.00
# Visual Studio 2013
VisualStudioVersion = 12.0.21005.1
MinimumVisualStudioVersion = 10.0.40219.1
Project("{FAE04EC0-301F-11D3-BF4B-00C04F79EFBC}") = "Clothing.Helpers", "Clothing.Helpers\Clothing.Helpers.csproj", "{6DCA8DAE-B7EC-4BF9-8345-A05422B8AFD3}"
EndProject
Project("{FAE04EC0-301F-11D3-BF4B-00C04F79EFBC}") = "Clothing.Web", "Clothing.Web\Clothing.Web.csproj", "{874C0ED0-5407-46F4-B44E-A5998B4D7946}"
EndProject
Global
	GlobalSection(SolutionConfigurationPlatforms) = preSolution
		Debug|Any CPU = Debug|Any CPU
		Release|Any CPU = Release|Any CPU
	EndGlobalSection
	GlobalSection(ProjectConfigurationPlatforms) = postSolution
		{6DCA8DAE-B7EC-4BF9-8345-A05422B8AFD3}.Debug|Any CPU.ActiveCfg = Debug|Any CPU
		{6DCA8DAE-B7EC-4BF9-8345-A05422B8AFD3}.Debug|Any CPU.Build.0 = Debug|Any CPU
		{6DCA8DAE-B7EC-4BF9-8345-A05422B8AFD3}.Release|Any CPU.ActiveCfg = Release|Any CPU
		{6DCA8DAE-B7EC-4BF9-8345-A05422B8AFD3}.Release|Any CPU.Build.0 = Release|Any CPU
		{874C0ED0-5407-46F4-B44E-A5998B4D7946}.Debug|Any CPU.ActiveCfg = Debug|Any CPU
		{874C0ED0-5407-46F4-B44E-A5998B4D7946}.Debug|Any CPU.Build.0 = Debug|Any CPU
		{874C0ED0-5407-46F4-B44E-A5998B4D7946}.Release|Any CPU.ActiveCfg = Release|Any CPU
		{874C0ED0-5407-46F4-B44E-A5998B4D7946}.Release|Any CPU.Build.0 = Release|Any CPU
	EndGlobalSection
	GlobalSection(SolutionProperties) = preSolution
		HideSolutionNode = FALSE
	EndGlobalSection
EndGlobal
